
Microsoft Visual Studio Solution File, Format Version 12.00
# Visual Studio Version 17
VisualStudioVersion = 17.14.36603.0 d17.14
MinimumVisualStudioVersion = 10.0.40219.1
Project("{8BC9CEB8-8B4A-11D0-8D11-00A0C91BC942}") = "ToDoList", "ToDoList\ToDoList.vcxproj", "{A63AD2C8-2A5A-40BE-BE80-40EB3403C4A5}"
EndProject
Global
	GlobalSection(SolutionConfigurationPlatforms) = preSolution
		Debug|x64 = Debug|x64
		Debug|x86 = Debug|x86
		Release|x64 = Release|x64
		Release|x86 = Release|x86
	EndGlobalSection
	GlobalSection(ProjectConfigurationPlatforms) = postSolution
		{A63AD2C8-2A5A-40BE-BE80-40EB3403C4A5}.Debug|x64.ActiveCfg = Debug|x64
		{A63AD2C8-2A5A-40BE-BE80-40EB3403C4A5}.Debug|x64.Build.0 = Debug|x64
		{A63AD2C8-2A5A-40BE-BE80-40EB3403C4A5}.Debug|x86.ActiveCfg = Debug|Win32
		{A63AD2C8-2A5A-40BE-BE80-40EB3403C4A5}.Debug|x86.Build.0 = Debug|Win32
		{A63AD2C8-2A5A-40BE-BE80-40EB3403C4A5}.Release|x64.ActiveCfg = Release|x64
		{A63AD2C8-2A5A-40BE-BE80-40EB3403C4A5}.Release|x64.Build.0 = Release|x64
		{A63AD2C8-2A5A-40BE-BE80-40EB3403C4A5}.Release|x86.ActiveCfg = Release|Win32
		{A63AD2C8-2A5A-40BE-BE80-40EB3403C4A5}.Release|x86.Build.0 = Release|Win32
	EndGlobalSection
	GlobalSection(SolutionProperties) = preSolution
		HideSolutionNode = FALSE
	EndGlobalSection
	GlobalSection(ExtensibilityGlobals) = postSolution
		SolutionGuid = {B5763148-33E3-40A0-99E0-1080F7DD85C3}
	EndGlobalSection
EndGlobal
